
Microsoft Visual Studio Solution File, Format Version 12.00
# Visual Studio Version 17
VisualStudioVersion = 17.11.35222.181
MinimumVisualStudioVersion = 10.0.40219.1
Project("{FAE04EC0-301F-11D3-BF4B-00C04F79EFBC}") = "Bank_Assignment", "Bank_Assignment\Bank_Assignment.csproj", "{8B86B0D5-588B-4C07-96AC-592BB551DC0F}"
EndProject
Global
	GlobalSection(SolutionConfigurationPlatforms) = preSolution
		Debug|Any CPU = Debug|Any CPU
		Release|Any CPU = Release|Any CPU
	EndGlobalSection
	GlobalSection(ProjectConfigurationPlatforms) = postSolution
		{8B86B0D5-588B-4C07-96AC-592BB551DC0F}.Debug|Any CPU.ActiveCfg = Debug|Any CPU
		{8B86B0D5-588B-4C07-96AC-592BB551DC0F}.Debug|Any CPU.Build.0 = Debug|Any CPU
		{8B86B0D5-588B-4C07-96AC-592BB551DC0F}.Release|Any CPU.ActiveCfg = Release|Any CPU
		{8B86B0D5-588B-4C07-96AC-592BB551DC0F}.Release|Any CPU.Build.0 = Release|Any CPU
	EndGlobalSection
	GlobalSection(SolutionProperties) = preSolution
		HideSolutionNode = FALSE
	EndGlobalSection
	GlobalSection(ExtensibilityGlobals) = postSolution
		SolutionGuid = {1E71DD7D-DE7D-4630-A9B6-7D78ECA31FFA}
	EndGlobalSection
EndGlobal
